
Microsoft Visual Studio Solution File, Format Version 12.00
# Visual Studio 15
VisualStudioVersion = 15.0.28307.438
MinimumVisualStudioVersion = 10.0.40219.1
Project("{FAE04EC0-301F-11D3-BF4B-00C04F79EFBC}") = "BridgeDesignPattern", "BridgeDesignPattern\BridgeDesignPattern.csproj", "{41428474-C8BA-4ED3-9839-E8048446257F}"
EndProject
Global
	GlobalSection(SolutionConfigurationPlatforms) = preSolution
		Debug|Any CPU = Debug|Any CPU
		Release|Any CPU = Release|Any CPU
	EndGlobalSection
	GlobalSection(ProjectConfigurationPlatforms) = postSolution
		{41428474-C8BA-4ED3-9839-E8048446257F}.Debug|Any CPU.ActiveCfg = Debug|Any CPU
		{41428474-C8BA-4ED3-9839-E8048446257F}.Debug|Any CPU.Build.0 = Debug|Any CPU
		{41428474-C8BA-4ED3-9839-E8048446257F}.Release|Any CPU.ActiveCfg = Release|Any CPU
		{41428474-C8BA-4ED3-9839-E8048446257F}.Release|Any CPU.Build.0 = Release|Any CPU
	EndGlobalSection
	GlobalSection(SolutionProperties) = preSolution
		HideSolutionNode = FALSE
	EndGlobalSection
	GlobalSection(ExtensibilityGlobals) = postSolution
		SolutionGuid = {270F7585-D88E-4A20-AF22-DF8247936DCF}
	EndGlobalSection
EndGlobal
